// !$*UTF8*$!
{
	archiveVersion = 1;
	classes = {
	};
	objectVersion = 56;
	objects = {

/* Begin PBXBuildFile section */
		7D1740E32B2C254000EE9181 /* SectionHeaderView.swift in Sources */ = {isa = PBXBuildFile; fileRef = 7D1740E22B2C254000EE9181 /* SectionHeaderView.swift */; };
		7D1740E52B2C25E500EE9181 /* BannerGroupView.swift in Sources */ = {isa = PBXBuildFile; fileRef = 7D1740E42B2C25E500EE9181 /* BannerGroupView.swift */; };
		7D1740E72B2C272000EE9181 /* SectionContentsViewModel.swift in Sources */ = {isa = PBXBuildFile; fileRef = 7D1740E62B2C272000EE9181 /* SectionContentsViewModel.swift */; };
		7D1740EE2B2C35DD00EE9181 /* ContentCountView.swift in Sources */ = {isa = PBXBuildFile; fileRef = 7D1740ED2B2C35DD00EE9181 /* ContentCountView.swift */; };
		7D9FAB782B305F1A00C3EF5D /* SSExpandableSwipeUpView.swift in Sources */ = {isa = PBXBuildFile; fileRef = 7D9FAB772B305F1A00C3EF5D /* SSExpandableSwipeUpView.swift */; };
		7DAA229F2B21B04700FE5DF6 /* ContentListView.swift in Sources */ = {isa = PBXBuildFile; fileRef = 7DAA229E2B21B04700FE5DF6 /* ContentListView.swift */; };
		7DC824232B20843600C7AC09 /* SSExpandableSwipeUpViewApp.swift in Sources */ = {isa = PBXBuildFile; fileRef = 7DC824222B20843600C7AC09 /* SSExpandableSwipeUpViewApp.swift */; };
		7DC824252B20843600C7AC09 /* ContentView.swift in Sources */ = {isa = PBXBuildFile; fileRef = 7DC824242B20843600C7AC09 /* ContentView.swift */; };
		7DC824272B20843900C7AC09 /* Assets.xcassets in Resources */ = {isa = PBXBuildFile; fileRef = 7DC824262B20843900C7AC09 /* Assets.xcassets */; };
		7DC8242A2B20843900C7AC09 /* Preview Assets.xcassets in Resources */ = {isa = PBXBuildFile; fileRef = 7DC824292B20843900C7AC09 /* Preview Assets.xcassets */; };
		7DC824312B20857100C7AC09 /* BannerView.swift in Sources */ = {isa = PBXBuildFile; fileRef = 7DC824302B20857100C7AC09 /* BannerView.swift */; };
/* End PBXBuildFile section */

/* Begin PBXFileReference section */
		7D1740E22B2C254000EE9181 /* SectionHeaderView.swift */ = {isa = PBXFileReference; lastKnownFileType = sourcecode.swift; path = SectionHeaderView.swift; sourceTree = "<group>"; };
		7D1740E42B2C25E500EE9181 /* BannerGroupView.swift */ = {isa = PBXFileReference; lastKnownFileType = sourcecode.swift; path = BannerGroupView.swift; sourceTree = "<group>"; };
		7D1740E62B2C272000EE9181 /* SectionContentsViewModel.swift */ = {isa = PBXFileReference; lastKnownFileType = sourcecode.swift; path = SectionContentsViewModel.swift; sourceTree = "<group>"; };
		7D1740ED2B2C35DD00EE9181 /* ContentCountView.swift */ = {isa = PBXFileReference; lastKnownFileType = sourcecode.swift; path = ContentCountView.swift; sourceTree = "<group>"; };
		7D9FAB772B305F1A00C3EF5D /* SSExpandableSwipeUpView.swift */ = {isa = PBXFileReference; lastKnownFileType = sourcecode.swift; path = SSExpandableSwipeUpView.swift; sourceTree = "<group>"; };
		7DAA229E2B21B04700FE5DF6 /* ContentListView.swift */ = {isa = PBXFileReference; lastKnownFileType = sourcecode.swift; path = ContentListView.swift; sourceTree = "<group>"; };
		7DC8241F2B20843600C7AC09 /* SSExpandableSwipeUpView.app */ = {isa = PBXFileReference; explicitFileType = wrapper.application; includeInIndex = 0; path = SSExpandableSwipeUpView.app; sourceTree = BUILT_PRODUCTS_DIR; };
		7DC824222B20843600C7AC09 /* SSExpandableSwipeUpViewApp.swift */ = {isa = PBXFileReference; lastKnownFileType = sourcecode.swift; path = SSExpandableSwipeUpViewApp.swift; sourceTree = "<group>"; };
		7DC824242B20843600C7AC09 /* ContentView.swift */ = {isa = PBXFileReference; lastKnownFileType = sourcecode.swift; path = ContentView.swift; sourceTree = "<group>"; };
		7DC824262B20843900C7AC09 /* Assets.xcassets */ = {isa = PBXFileReference; lastKnownFileType = folder.assetcatalog; path = Assets.xcassets; sourceTree = "<group>"; };
		7DC824292B20843900C7AC09 /* Preview Assets.xcassets */ = {isa = PBXFileReference; lastKnownFileType = folder.assetcatalog; path = "Preview Assets.xcassets"; sourceTree = "<group>"; };
		7DC824302B20857100C7AC09 /* BannerView.swift */ = {isa = PBXFileReference; lastKnownFileType = sourcecode.swift; path = BannerView.swift; sourceTree = "<group>"; };
/* End PBXFileReference section */

/* Begin PBXFrameworksBuildPhase section */
		7DC8241C2B20843600C7AC09 /* Frameworks */ = {
			isa = PBXFrameworksBuildPhase;
			buildActionMask = 2147483647;
			files = (
			);
			runOnlyForDeploymentPostprocessing = 0;
		};
/* End PBXFrameworksBuildPhase section */

/* Begin PBXGroup section */
		7D1740E82B2C273A00EE9181 /* ViewModel */ = {
			isa = PBXGroup;
			children = (
				7D1740E62B2C272000EE9181 /* SectionContentsViewModel.swift */,
			);
			path = ViewModel;
			sourceTree = "<group>";
		};
		7D1740E92B2C274E00EE9181 /* Views */ = {
			isa = PBXGroup;
			children = (
				7D1740ED2B2C35DD00EE9181 /* ContentCountView.swift */,
				7DAA229E2B21B04700FE5DF6 /* ContentListView.swift */,
				7D1740EA2B2C27A300EE9181 /* HeaderView */,
				7D1740EB2B2C27AC00EE9181 /* BannerView */,
			);
			path = Views;
			sourceTree = "<group>";
		};
		7D1740EA2B2C27A300EE9181 /* HeaderView */ = {
			isa = PBXGroup;
			children = (
				7D1740E22B2C254000EE9181 /* SectionHeaderView.swift */,
			);
			path = HeaderView;
			sourceTree = "<group>";
		};
		7D1740EB2B2C27AC00EE9181 /* BannerView */ = {
			isa = PBXGroup;
			children = (
				7DC824302B20857100C7AC09 /* BannerView.swift */,
				7D1740E42B2C25E500EE9181 /* BannerGroupView.swift */,
			);
			path = BannerView;
			sourceTree = "<group>";
		};
		7DC824162B20843600C7AC09 = {
			isa = PBXGroup;
			children = (
				7DC824212B20843600C7AC09 /* SSExpandableSwipeUpView */,
				7DC824202B20843600C7AC09 /* Products */,
			);
			sourceTree = "<group>";
		};
		7DC824202B20843600C7AC09 /* Products */ = {
			isa = PBXGroup;
			children = (
				7DC8241F2B20843600C7AC09 /* SSExpandableSwipeUpView.app */,
			);
			name = Products;
			sourceTree = "<group>";
		};
		7DC824212B20843600C7AC09 /* SSExpandableSwipeUpView */ = {
			isa = PBXGroup;
			children = (
				7DC824222B20843600C7AC09 /* SSExpandableSwipeUpViewApp.swift */,
				7DC824242B20843600C7AC09 /* ContentView.swift */,
				7D9FAB772B305F1A00C3EF5D /* SSExpandableSwipeUpView.swift */,
				7D1740E92B2C274E00EE9181 /* Views */,
				7D1740E82B2C273A00EE9181 /* ViewModel */,
				7DC824262B20843900C7AC09 /* Assets.xcassets */,
				7DC824282B20843900C7AC09 /* Preview Content */,
			);
			path = SSExpandableSwipeUpView;
			sourceTree = "<group>";
		};
		7DC824282B20843900C7AC09 /* Preview Content */ = {
			isa = PBXGroup;
			children = (
				7DC824292B20843900C7AC09 /* Preview Assets.xcassets */,
			);
			path = "Preview Content";
			sourceTree = "<group>";
		};
/* End PBXGroup section */

/* Begin PBXNativeTarget section */
		7DC8241E2B20843600C7AC09 /* SSExpandableSwipeUpView */ = {
			isa = PBXNativeTarget;
			buildConfigurationList = 7DC8242D2B20843900C7AC09 /* Build configuration list for PBXNativeTarget "SSExpandableSwipeUpView" */;
			buildPhases = (
				7DC8241B2B20843600C7AC09 /* Sources */,
				7DC8241C2B20843600C7AC09 /* Frameworks */,
				7DC8241D2B20843600C7AC09 /* Resources */,
			);
			buildRules = (
			);
			dependencies = (
			);
			name = SSExpandableSwipeUpView;
			productName = SSExpandableSwipeUpView;
			productReference = 7DC8241F2B20843600C7AC09 /* SSExpandableSwipeUpView.app */;
			productType = "com.apple.product-type.application";
		};
/* End PBXNativeTarget section */

/* Begin PBXProject section */
		7DC824172B20843600C7AC09 /* Project object */ = {
			isa = PBXProject;
			attributes = {
				BuildIndependentTargetsInParallel = 1;
				LastSwiftUpdateCheck = 1430;
				LastUpgradeCheck = 1430;
				TargetAttributes = {
					7DC8241E2B20843600C7AC09 = {
						CreatedOnToolsVersion = 14.3;
					};
				};
			};
			buildConfigurationList = 7DC8241A2B20843600C7AC09 /* Build configuration list for PBXProject "SSExpandableSwipeUpView" */;
			compatibilityVersion = "Xcode 14.0";
			developmentRegion = en;
			hasScannedForEncodings = 0;
			knownRegions = (
				en,
				Base,
			);
			mainGroup = 7DC824162B20843600C7AC09;
			productRefGroup = 7DC824202B20843600C7AC09 /* Products */;
			projectDirPath = "";
			projectRoot = "";
			targets = (
				7DC8241E2B20843600C7AC09 /* SSExpandableSwipeUpView */,
			);
		};
/* End PBXProject section */

/* Begin PBXResourcesBuildPhase section */
		7DC8241D2B20843600C7AC09 /* Resources */ = {
			isa = PBXResourcesBuildPhase;
			buildActionMask = 2147483647;
			files = (
				7DC8242A2B20843900C7AC09 /* Preview Assets.xcassets in Resources */,
				7DC824272B20843900C7AC09 /* Assets.xcassets in Resources */,
			);
			runOnlyForDeploymentPostprocessing = 0;
		};
/* End PBXResourcesBuildPhase section */

/* Begin PBXSourcesBuildPhase section */
		7DC8241B2B20843600C7AC09 /* Sources */ = {
			isa = PBXSourcesBuildPhase;
			buildActionMask = 2147483647;
			files = (
				7D1740EE2B2C35DD00EE9181 /* ContentCountView.swift in Sources */,
				7D1740E52B2C25E500EE9181 /* BannerGroupView.swift in Sources */,
				7DC824252B20843600C7AC09 /* ContentView.swift in Sources */,
				7D9FAB782B305F1A00C3EF5D /* SSExpandableSwipeUpView.swift in Sources */,
				7D1740E72B2C272000EE9181 /* SectionContentsViewModel.swift in Sources */,
				7DC824232B20843600C7AC09 /* SSExpandableSwipeUpViewApp.swift in Sources */,
				7D1740E32B2C254000EE9181 /* SectionHeaderView.swift in Sources */,
				7DAA229F2B21B04700FE5DF6 /* ContentListView.swift in Sources */,
				7DC824312B20857100C7AC09 /* BannerView.swift in Sources */,
			);
			runOnlyForDeploymentPostprocessing = 0;
		};
/* End PBXSourcesBuildPhase section */

/* Begin XCBuildConfiguration section */
		7DC8242B2B20843900C7AC09 /* Debug */ = {
			isa = XCBuildConfiguration;
			buildSettings = {
				ALWAYS_SEARCH_USER_PATHS = NO;
				CLANG_ANALYZER_NONNULL = YES;
				CLANG_ANALYZER_NUMBER_OBJECT_CONVERSION = YES_AGGRESSIVE;
				CLANG_CXX_LANGUAGE_STANDARD = "gnu++20";
				CLANG_ENABLE_MODULES = YES;
				CLANG_ENABLE_OBJC_ARC = YES;
				CLANG_ENABLE_OBJC_WEAK = YES;
				CLANG_WARN_BLOCK_CAPTURE_AUTORELEASING = YES;
				CLANG_WARN_BOOL_CONVERSION = YES;
				CLANG_WARN_COMMA = YES;
				CLANG_WARN_CONSTANT_CONVERSION = YES;
				CLANG_WARN_DEPRECATED_OBJC_IMPLEMENTATIONS = YES;
				CLANG_WARN_DIRECT_OBJC_ISA_USAGE = YES_ERROR;
				CLANG_WARN_DOCUMENTATION_COMMENTS = YES;
				CLANG_WARN_EMPTY_BODY = YES;
				CLANG_WARN_ENUM_CONVERSION = YES;
				CLANG_WARN_INFINITE_RECURSION = YES;
				CLANG_WARN_INT_CONVERSION = YES;
				CLANG_WARN_NON_LITERAL_NULL_CONVERSION = YES;
				CLANG_WARN_OBJC_IMPLICIT_RETAIN_SELF = YES;
				CLANG_WARN_OBJC_LITERAL_CONVERSION = YES;
				CLANG_WARN_OBJC_ROOT_CLASS = YES_ERROR;
				CLANG_WARN_QUOTED_INCLUDE_IN_FRAMEWORK_HEADER = YES;
				CLANG_WARN_RANGE_LOOP_ANALYSIS = YES;
				CLANG_WARN_STRICT_PROTOTYPES = YES;
				CLANG_WARN_SUSPICIOUS_MOVE = YES;
				CLANG_WARN_UNGUARDED_AVAILABILITY = YES_AGGRESSIVE;
				CLANG_WARN_UNREACHABLE_CODE = YES;
				CLANG_WARN__DUPLICATE_METHOD_MATCH = YES;
				COPY_PHASE_STRIP = NO;
				DEBUG_INFORMATION_FORMAT = dwarf;
				ENABLE_STRICT_OBJC_MSGSEND = YES;
				ENABLE_TESTABILITY = YES;
				GCC_C_LANGUAGE_STANDARD = gnu11;
				GCC_DYNAMIC_NO_PIC = NO;
				GCC_NO_COMMON_BLOCKS = YES;
				GCC_OPTIMIZATION_LEVEL = 0;
				GCC_PREPROCESSOR_DEFINITIONS = (
					"DEBUG=1",
					"$(inherited)",
				);
				GCC_WARN_64_TO_32_BIT_CONVERSION = YES;
				GCC_WARN_ABOUT_RETURN_TYPE = YES_ERROR;
				GCC_WARN_UNDECLARED_SELECTOR = YES;
				GCC_WARN_UNINITIALIZED_AUTOS = YES_AGGRESSIVE;
				GCC_WARN_UNUSED_FUNCTION = YES;
				GCC_WARN_UNUSED_VARIABLE = YES;
				IPHONEOS_DEPLOYMENT_TARGET = 16.4;
				MTL_ENABLE_DEBUG_INFO = INCLUDE_SOURCE;
				MTL_FAST_MATH = YES;
				ONLY_ACTIVE_ARCH = YES;
				SDKROOT = iphoneos;
				SWIFT_ACTIVE_COMPILATION_CONDITIONS = DEBUG;
				SWIFT_OPTIMIZATION_LEVEL = "-Onone";
			};
			name = Debug;
		};
		7DC8242C2B20843900C7AC09 /* Release */ = {
			isa = XCBuildConfiguration;
			buildSettings = {
				ALWAYS_SEARCH_USER_PATHS = NO;
				CLANG_ANALYZER_NONNULL = YES;
				CLANG_ANALYZER_NUMBER_OBJECT_CONVERSION = YES_AGGRESSIVE;
				CLANG_CXX_LANGUAGE_STANDARD = "gnu++20";
				CLANG_ENABLE_MODULES = YES;
				CLANG_ENABLE_OBJC_ARC = YES;
				CLANG_ENABLE_OBJC_WEAK = YES;
				CLANG_WARN_BLOCK_CAPTURE_AUTORELEASING = YES;
				CLANG_WARN_BOOL_CONVERSION = YES;
				CLANG_WARN_COMMA = YES;
				CLANG_WARN_CONSTANT_CONVERSION = YES;
				CLANG_WARN_DEPRECATED_OBJC_IMPLEMENTATIONS = YES;
				CLANG_WARN_DIRECT_OBJC_ISA_USAGE = YES_ERROR;
				CLANG_WARN_DOCUMENTATION_COMMENTS = YES;
				CLANG_WARN_EMPTY_BODY = YES;
				CLANG_WARN_ENUM_CONVERSION = YES;
				CLANG_WARN_INFINITE_RECURSION = YES;
				CLANG_WARN_INT_CONVERSION = YES;
				CLANG_WARN_NON_LITERAL_NULL_CONVERSION = YES;
				CLANG_WARN_OBJC_IMPLICIT_RETAIN_SELF = YES;
				CLANG_WARN_OBJC_LITERAL_CONVERSION = YES;
				CLANG_WARN_OBJC_ROOT_CLASS = YES_ERROR;
				CLANG_WARN_QUOTED_INCLUDE_IN_FRAMEWORK_HEADER = YES;
				CLANG_WARN_RANGE_LOOP_ANALYSIS = YES;
				CLANG_WARN_STRICT_PROTOTYPES = YES;
				CLANG_WARN_SUSPICIOUS_MOVE = YES;
				CLANG_WARN_UNGUARDED_AVAILABILITY = YES_AGGRESSIVE;
				CLANG_WARN_UNREACHABLE_CODE = YES;
				CLANG_WARN__DUPLICATE_METHOD_MATCH = YES;
				COPY_PHASE_STRIP = NO;
				DEBUG_INFORMATION_FORMAT = "dwarf-with-dsym";
				ENABLE_NS_ASSERTIONS = NO;
				ENABLE_STRICT_OBJC_MSGSEND = YES;
				GCC_C_LANGUAGE_STANDARD = gnu11;
				GCC_NO_COMMON_BLOCKS = YES;
				GCC_WARN_64_TO_32_BIT_CONVERSION = YES;
				GCC_WARN_ABOUT_RETURN_TYPE = YES_ERROR;
				GCC_WARN_UNDECLARED_SELECTOR = YES;
				GCC_WARN_UNINITIALIZED_AUTOS = YES_AGGRESSIVE;
				GCC_WARN_UNUSED_FUNCTION = YES;
				GCC_WARN_UNUSED_VARIABLE = YES;
				IPHONEOS_DEPLOYMENT_TARGET = 16.4;
				MTL_ENABLE_DEBUG_INFO = NO;
				MTL_FAST_MATH = YES;
				SDKROOT = iphoneos;
				SWIFT_COMPILATION_MODE = wholemodule;
				SWIFT_OPTIMIZATION_LEVEL = "-O";
				VALIDATE_PRODUCT = YES;
			};
			name = Release;
		};
		7DC8242E2B20843900C7AC09 /* Debug */ = {
			isa = XCBuildConfiguration;
			buildSettings = {
				ASSETCATALOG_COMPILER_APPICON_NAME = AppIcon;
				ASSETCATALOG_COMPILER_GLOBAL_ACCENT_COLOR_NAME = AccentColor;
				CODE_SIGN_STYLE = Automatic;
				CURRENT_PROJECT_VERSION = 1;
				DEVELOPMENT_ASSET_PATHS = "\"SSExpandableSwipeUpView/Preview Content\"";
				ENABLE_PREVIEWS = YES;
				GENERATE_INFOPLIST_FILE = YES;
				INFOPLIST_KEY_UIApplicationSceneManifest_Generation = YES;
				INFOPLIST_KEY_UIApplicationSupportsIndirectInputEvents = YES;
				INFOPLIST_KEY_UILaunchScreen_Generation = YES;
				INFOPLIST_KEY_UISupportedInterfaceOrientations_iPad = "UIInterfaceOrientationPortrait UIInterfaceOrientationPortraitUpsideDown UIInterfaceOrientationLandscapeLeft UIInterfaceOrientationLandscapeRight";
				INFOPLIST_KEY_UISupportedInterfaceOrientations_iPhone = "UIInterfaceOrientationPortrait UIInterfaceOrientationLandscapeLeft UIInterfaceOrientationLandscapeRight";
				LD_RUNPATH_SEARCH_PATHS = (
					"$(inherited)",
					"@executable_path/Frameworks",
				);
				MARKETING_VERSION = 1.0;
				PRODUCT_BUNDLE_IDENTIFIER = simform.SSExpandableSwipeUpView;
				PRODUCT_NAME = "$(TARGET_NAME)";
				SWIFT_EMIT_LOC_STRINGS = YES;
				SWIFT_VERSION = 5.0;
				TARGETED_DEVICE_FAMILY = "1,2";
			};
			name = Debug;
		};
		7DC8242F2B20843900C7AC09 /* Release */ = {
			isa = XCBuildConfiguration;
			buildSettings = {
				ASSETCATALOG_COMPILER_APPICON_NAME = AppIcon;
				ASSETCATALOG_COMPILER_GLOBAL_ACCENT_COLOR_NAME = AccentColor;
				CODE_SIGN_STYLE = Automatic;
				CURRENT_PROJECT_VERSION = 1;
				DEVELOPMENT_ASSET_PATHS = "\"SSExpandableSwipeUpView/Preview Content\"";
				ENABLE_PREVIEWS = YES;
				GENERATE_INFOPLIST_FILE = YES;
				INFOPLIST_KEY_UIApplicationSceneManifest_Generation = YES;
				INFOPLIST_KEY_UIApplicationSupportsIndirectInputEvents = YES;
				INFOPLIST_KEY_UILaunchScreen_Generation = YES;
				INFOPLIST_KEY_UISupportedInterfaceOrientations_iPad = "UIInterfaceOrientationPortrait UIInterfaceOrientationPortraitUpsideDown UIInterfaceOrientationLandscapeLeft UIInterfaceOrientationLandscapeRight";
				INFOPLIST_KEY_UISupportedInterfaceOrientations_iPhone = "UIInterfaceOrientationPortrait UIInterfaceOrientationLandscapeLeft UIInterfaceOrientationLandscapeRight";
				LD_RUNPATH_SEARCH_PATHS = (
					"$(inherited)",
					"@executable_path/Frameworks",
				);
				MARKETING_VERSION = 1.0;
				PRODUCT_BUNDLE_IDENTIFIER = simform.SSExpandableSwipeUpView;
				PRODUCT_NAME = "$(TARGET_NAME)";
				SWIFT_EMIT_LOC_STRINGS = YES;
				SWIFT_VERSION = 5.0;
				TARGETED_DEVICE_FAMILY = "1,2";
			};
			name = Release;
		};
/* End XCBuildConfiguration section */

/* Begin XCConfigurationList section */
		7DC8241A2B20843600C7AC09 /* Build configuration list for PBXProject "SSExpandableSwipeUpView" */ = {
			isa = XCConfigurationList;
			buildConfigurations = (
				7DC8242B2B20843900C7AC09 /* Debug */,
				7DC8242C2B20843900C7AC09 /* Release */,
			);
			defaultConfigurationIsVisible = 0;
			defaultConfigurationName = Release;
		};
		7DC8242D2B20843900C7AC09 /* Build configuration list for PBXNativeTarget "SSExpandableSwipeUpView" */ = {
			isa = XCConfigurationList;
			buildConfigurations = (
				7DC8242E2B20843900C7AC09 /* Debug */,
				7DC8242F2B20843900C7AC09 /* Release */,
			);
			defaultConfigurationIsVisible = 0;
			defaultConfigurationName = Release;
		};
/* End XCConfigurationList section */
	};
	rootObject = 7DC824172B20843600C7AC09 /* Project object */;
}
